
Microsoft Visual Studio Solution File, Format Version 12.00
# Visual Studio Version 16
VisualStudioVersion = 16.0.29613.14
MinimumVisualStudioVersion = 10.0.40219.1
Project("{9A19103F-16F7-4668-BE54-9A1E7A4F7556}") = "RPG", "RPG.csproj", "{C488E87D-5E1A-4ABE-BD47-3C1CFC177B8D}"
EndProject
Global
	GlobalSection(SolutionConfigurationPlatforms) = preSolution
		Debug|Any CPU = Debug|Any CPU
		Release|Any CPU = Release|Any CPU
	EndGlobalSection
	GlobalSection(ProjectConfigurationPlatforms) = postSolution
		{C488E87D-5E1A-4ABE-BD47-3C1CFC177B8D}.Debug|Any CPU.ActiveCfg = Debug|Any CPU
		{C488E87D-5E1A-4ABE-BD47-3C1CFC177B8D}.Debug|Any CPU.Build.0 = Debug|Any CPU
		{C488E87D-5E1A-4ABE-BD47-3C1CFC177B8D}.Release|Any CPU.ActiveCfg = Release|Any CPU
		{C488E87D-5E1A-4ABE-BD47-3C1CFC177B8D}.Release|Any CPU.Build.0 = Release|Any CPU
	EndGlobalSection
	GlobalSection(SolutionProperties) = preSolution
		HideSolutionNode = FALSE
	EndGlobalSection
	GlobalSection(ExtensibilityGlobals) = postSolution
		SolutionGuid = {1805FF69-73EF-48A8-A9C4-21232BD11B13}
	EndGlobalSection
EndGlobal
